
Microsoft Visual Studio Solution File, Format Version 12.00
# Visual Studio Version 17
VisualStudioVersion = 17.3.32901.215
MinimumVisualStudioVersion = 10.0.40219.1
Project("{FAE04EC0-301F-11D3-BF4B-00C04F79EFBC}") = "Pz_5", "Pz_5\Pz_5.csproj", "{C1EE0627-A9CC-4FD3-965B-90B65341B646}"
EndProject
Global
	GlobalSection(SolutionConfigurationPlatforms) = preSolution
		Debug|Any CPU = Debug|Any CPU
		Release|Any CPU = Release|Any CPU
	EndGlobalSection
	GlobalSection(ProjectConfigurationPlatforms) = postSolution
		{C1EE0627-A9CC-4FD3-965B-90B65341B646}.Debug|Any CPU.ActiveCfg = Debug|Any CPU
		{C1EE0627-A9CC-4FD3-965B-90B65341B646}.Debug|Any CPU.Build.0 = Debug|Any CPU
		{C1EE0627-A9CC-4FD3-965B-90B65341B646}.Release|Any CPU.ActiveCfg = Release|Any CPU
		{C1EE0627-A9CC-4FD3-965B-90B65341B646}.Release|Any CPU.Build.0 = Release|Any CPU
	EndGlobalSection
	GlobalSection(SolutionProperties) = preSolution
		HideSolutionNode = FALSE
	EndGlobalSection
	GlobalSection(ExtensibilityGlobals) = postSolution
		SolutionGuid = {B3F7677C-3118-41A4-A81C-A41C362F80D8}
	EndGlobalSection
EndGlobal
