
Microsoft Visual Studio Solution File, Format Version 12.00
# Visual Studio Version 17
VisualStudioVersion = 17.5.33627.172
MinimumVisualStudioVersion = 10.0.40219.1
Project("{FAE04EC0-301F-11D3-BF4B-00C04F79EFBC}") = "pz_24", "pz_24.csproj", "{F7B292E9-7245-4155-8847-560D3A54C914}"
EndProject
Global
	GlobalSection(SolutionConfigurationPlatforms) = preSolution
		Debug|Any CPU = Debug|Any CPU
		Release|Any CPU = Release|Any CPU
	EndGlobalSection
	GlobalSection(ProjectConfigurationPlatforms) = postSolution
		{F7B292E9-7245-4155-8847-560D3A54C914}.Debug|Any CPU.ActiveCfg = Debug|Any CPU
		{F7B292E9-7245-4155-8847-560D3A54C914}.Debug|Any CPU.Build.0 = Debug|Any CPU
		{F7B292E9-7245-4155-8847-560D3A54C914}.Release|Any CPU.ActiveCfg = Release|Any CPU
		{F7B292E9-7245-4155-8847-560D3A54C914}.Release|Any CPU.Build.0 = Release|Any CPU
	EndGlobalSection
	GlobalSection(SolutionProperties) = preSolution
		HideSolutionNode = FALSE
	EndGlobalSection
	GlobalSection(ExtensibilityGlobals) = postSolution
		SolutionGuid = {13CE3916-F80B-44CB-A658-B725E9F109BE}
	EndGlobalSection
EndGlobal
